// !$*UTF8*$!
{
	archiveVersion = 1;
	classes = {
	};
	objectVersion = 56;
	objects = {

/* Begin PBXBuildFile section */
		5D17D7642A0E405C007B2265 /* GameState+ButtonsAvailability.swift in Sources */ = {isa = PBXBuildFile; fileRef = 5D17D7632A0E405C007B2265 /* GameState+ButtonsAvailability.swift */; };
		5D20304929F156BA00F0720B /* TilesToPlay.swift in Sources */ = {isa = PBXBuildFile; fileRef = 5D20304829F156BA00F0720B /* TilesToPlay.swift */; };
		5D20304F29F2E00300F0720B /* TilePictureView.swift in Sources */ = {isa = PBXBuildFile; fileRef = 5D20304E29F2E00300F0720B /* TilePictureView.swift */; };
		5D29D1F92A196302009D90D4 /* GameViewRender.swift in Sources */ = {isa = PBXBuildFile; fileRef = 5D29D1F82A196302009D90D4 /* GameViewRender.swift */; };
		5D36B93129EAE35400448219 /* AppDelegate.swift in Sources */ = {isa = PBXBuildFile; fileRef = 5D36B93029EAE35400448219 /* AppDelegate.swift */; };
		5D36B93329EAE35400448219 /* SceneDelegate.swift in Sources */ = {isa = PBXBuildFile; fileRef = 5D36B93229EAE35400448219 /* SceneDelegate.swift */; };
		5D36B93529EAE35400448219 /* GameViewController.swift in Sources */ = {isa = PBXBuildFile; fileRef = 5D36B93429EAE35400448219 /* GameViewController.swift */; };
		5D36B93829EAE35400448219 /* Main.storyboard in Resources */ = {isa = PBXBuildFile; fileRef = 5D36B93629EAE35400448219 /* Main.storyboard */; };
		5D36B93A29EAE35800448219 /* Assets.xcassets in Resources */ = {isa = PBXBuildFile; fileRef = 5D36B93929EAE35800448219 /* Assets.xcassets */; };
		5D36B93D29EAE35800448219 /* LaunchScreen.storyboard in Resources */ = {isa = PBXBuildFile; fileRef = 5D36B93B29EAE35800448219 /* LaunchScreen.storyboard */; };
		5D36B94529EAE3BA00448219 /* Tile.swift in Sources */ = {isa = PBXBuildFile; fileRef = 5D36B94429EAE3BA00448219 /* Tile.swift */; };
		5D3C1E852A334D4500CC080C /* ScoreCalculating.swift in Sources */ = {isa = PBXBuildFile; fileRef = 5D3C1E842A334D4500CC080C /* ScoreCalculating.swift */; };
		5D423C562A176A8800C5773E /* PlayerLabelGameView.swift in Sources */ = {isa = PBXBuildFile; fileRef = 5D423C552A176A8800C5773E /* PlayerLabelGameView.swift */; };
		5D4946D729EEBA0100AEA11E /* CarcassonneTests.swift in Sources */ = {isa = PBXBuildFile; fileRef = 5D4946D629EEBA0100AEA11E /* CarcassonneTests.swift */; };
		5D7A0A692A0107A200C1C609 /* Meeple.swift in Sources */ = {isa = PBXBuildFile; fileRef = 5D7A0A682A0107A200C1C609 /* Meeple.swift */; };
		5D9320032A078E260001FAAB /* GameCore.swift in Sources */ = {isa = PBXBuildFile; fileRef = 5D9320022A078E260001FAAB /* GameCore.swift */; };
		5DC2A5772A12587A007A2715 /* Player.swift in Sources */ = {isa = PBXBuildFile; fileRef = 5DC2A5762A12587A007A2715 /* Player.swift */; };
		5DC2A5792A125BEB007A2715 /* StartMenuViewController.swift in Sources */ = {isa = PBXBuildFile; fileRef = 5DC2A5782A125BEB007A2715 /* StartMenuViewController.swift */; };
		5DC2A57B2A125CA0007A2715 /* StartNewGameViewController.swift in Sources */ = {isa = PBXBuildFile; fileRef = 5DC2A57A2A125CA0007A2715 /* StartNewGameViewController.swift */; };
		5DD0B3642A1D0800006BD8F6 /* Coordinates.swift in Sources */ = {isa = PBXBuildFile; fileRef = 5DD0B3632A1D0800006BD8F6 /* Coordinates.swift */; };
		5DFD58CC2A332F6600AD9CDC /* RoutesCheck.swift in Sources */ = {isa = PBXBuildFile; fileRef = 5DFD58CB2A332F6600AD9CDC /* RoutesCheck.swift */; };
/* End PBXBuildFile section */

/* Begin PBXContainerItemProxy section */
		5D4946D829EEBA0100AEA11E /* PBXContainerItemProxy */ = {
			isa = PBXContainerItemProxy;
			containerPortal = 5D36B92529EAE35400448219 /* Project object */;
			proxyType = 1;
			remoteGlobalIDString = 5D36B92C29EAE35400448219;
			remoteInfo = Carcassonne;
		};
/* End PBXContainerItemProxy section */

/* Begin PBXFileReference section */
		5D17D7632A0E405C007B2265 /* GameState+ButtonsAvailability.swift */ = {isa = PBXFileReference; lastKnownFileType = sourcecode.swift; path = "GameState+ButtonsAvailability.swift"; sourceTree = "<group>"; };
		5D20304829F156BA00F0720B /* TilesToPlay.swift */ = {isa = PBXFileReference; lastKnownFileType = sourcecode.swift; path = TilesToPlay.swift; sourceTree = "<group>"; };
		5D20304E29F2E00300F0720B /* TilePictureView.swift */ = {isa = PBXFileReference; lastKnownFileType = sourcecode.swift; path = TilePictureView.swift; sourceTree = "<group>"; };
		5D29D1F82A196302009D90D4 /* GameViewRender.swift */ = {isa = PBXFileReference; lastKnownFileType = sourcecode.swift; path = GameViewRender.swift; sourceTree = "<group>"; };
		5D36B92D29EAE35400448219 /* Carcassonne.app */ = {isa = PBXFileReference; explicitFileType = wrapper.application; includeInIndex = 0; path = Carcassonne.app; sourceTree = BUILT_PRODUCTS_DIR; };
		5D36B93029EAE35400448219 /* AppDelegate.swift */ = {isa = PBXFileReference; lastKnownFileType = sourcecode.swift; path = AppDelegate.swift; sourceTree = "<group>"; };
		5D36B93229EAE35400448219 /* SceneDelegate.swift */ = {isa = PBXFileReference; lastKnownFileType = sourcecode.swift; path = SceneDelegate.swift; sourceTree = "<group>"; };
		5D36B93429EAE35400448219 /* GameViewController.swift */ = {isa = PBXFileReference; lastKnownFileType = sourcecode.swift; path = GameViewController.swift; sourceTree = "<group>"; };
		5D36B93729EAE35400448219 /* Base */ = {isa = PBXFileReference; lastKnownFileType = file.storyboard; name = Base; path = Base.lproj/Main.storyboard; sourceTree = "<group>"; };
		5D36B93929EAE35800448219 /* Assets.xcassets */ = {isa = PBXFileReference; lastKnownFileType = folder.assetcatalog; path = Assets.xcassets; sourceTree = "<group>"; };
		5D36B93C29EAE35800448219 /* Base */ = {isa = PBXFileReference; lastKnownFileType = file.storyboard; name = Base; path = Base.lproj/LaunchScreen.storyboard; sourceTree = "<group>"; };
		5D36B93E29EAE35800448219 /* Info.plist */ = {isa = PBXFileReference; lastKnownFileType = text.plist.xml; path = Info.plist; sourceTree = "<group>"; };
		5D36B94429EAE3BA00448219 /* Tile.swift */ = {isa = PBXFileReference; lastKnownFileType = sourcecode.swift; path = Tile.swift; sourceTree = "<group>"; };
		5D3C1E842A334D4500CC080C /* ScoreCalculating.swift */ = {isa = PBXFileReference; lastKnownFileType = sourcecode.swift; path = ScoreCalculating.swift; sourceTree = "<group>"; };
		5D423C552A176A8800C5773E /* PlayerLabelGameView.swift */ = {isa = PBXFileReference; lastKnownFileType = sourcecode.swift; path = PlayerLabelGameView.swift; sourceTree = "<group>"; };
		5D4946CF29EEB96E00AEA11E /* Playground.playground */ = {isa = PBXFileReference; lastKnownFileType = file.playground; path = Playground.playground; sourceTree = "<group>"; xcLanguageSpecificationIdentifier = xcode.lang.swift; };
		5D4946D429EEBA0100AEA11E /* CarcassonneTests.xctest */ = {isa = PBXFileReference; explicitFileType = wrapper.cfbundle; includeInIndex = 0; path = CarcassonneTests.xctest; sourceTree = BUILT_PRODUCTS_DIR; };
		5D4946D629EEBA0100AEA11E /* CarcassonneTests.swift */ = {isa = PBXFileReference; lastKnownFileType = sourcecode.swift; path = CarcassonneTests.swift; sourceTree = "<group>"; };
		5D7A0A682A0107A200C1C609 /* Meeple.swift */ = {isa = PBXFileReference; lastKnownFileType = sourcecode.swift; path = Meeple.swift; sourceTree = "<group>"; };
		5D9320022A078E260001FAAB /* GameCore.swift */ = {isa = PBXFileReference; lastKnownFileType = sourcecode.swift; path = GameCore.swift; sourceTree = "<group>"; };
		5DC2A5762A12587A007A2715 /* Player.swift */ = {isa = PBXFileReference; lastKnownFileType = sourcecode.swift; path = Player.swift; sourceTree = "<group>"; };
		5DC2A5782A125BEB007A2715 /* StartMenuViewController.swift */ = {isa = PBXFileReference; lastKnownFileType = sourcecode.swift; path = StartMenuViewController.swift; sourceTree = "<group>"; };
		5DC2A57A2A125CA0007A2715 /* StartNewGameViewController.swift */ = {isa = PBXFileReference; lastKnownFileType = sourcecode.swift; path = StartNewGameViewController.swift; sourceTree = "<group>"; };
		5DD0B3632A1D0800006BD8F6 /* Coordinates.swift */ = {isa = PBXFileReference; lastKnownFileType = sourcecode.swift; path = Coordinates.swift; sourceTree = "<group>"; };
		5DFD58CB2A332F6600AD9CDC /* RoutesCheck.swift */ = {isa = PBXFileReference; lastKnownFileType = sourcecode.swift; path = RoutesCheck.swift; sourceTree = "<group>"; };
/* End PBXFileReference section */

/* Begin PBXFrameworksBuildPhase section */
		5D36B92A29EAE35400448219 /* Frameworks */ = {
			isa = PBXFrameworksBuildPhase;
			buildActionMask = 2147483647;
			files = (
			);
			runOnlyForDeploymentPostprocessing = 0;
		};
		5D4946D129EEBA0100AEA11E /* Frameworks */ = {
			isa = PBXFrameworksBuildPhase;
			buildActionMask = 2147483647;
			files = (
			);
			runOnlyForDeploymentPostprocessing = 0;
		};
/* End PBXFrameworksBuildPhase section */

/* Begin PBXGroup section */
		5D17D7622A0E3FCF007B2265 /* Utilities */ = {
			isa = PBXGroup;
			children = (
				5D17D7632A0E405C007B2265 /* GameState+ButtonsAvailability.swift */,
			);
			path = Utilities;
			sourceTree = "<group>";
		};
		5D20304D29F2DF4000F0720B /* Modules */ = {
			isa = PBXGroup;
			children = (
				5D9320022A078E260001FAAB /* GameCore.swift */,
				5DFD58CB2A332F6600AD9CDC /* RoutesCheck.swift */,
				5D3C1E842A334D4500CC080C /* ScoreCalculating.swift */,
				5DD0B3632A1D0800006BD8F6 /* Coordinates.swift */,
				5D36B94429EAE3BA00448219 /* Tile.swift */,
				5D7A0A682A0107A200C1C609 /* Meeple.swift */,
				5DC2A5762A12587A007A2715 /* Player.swift */,
				5D20304829F156BA00F0720B /* TilesToPlay.swift */,
			);
			path = Modules;
			sourceTree = "<group>";
		};
		5D36B92429EAE35400448219 = {
			isa = PBXGroup;
			children = (
				5D36B92F29EAE35400448219 /* Carcassonne */,
				5D36B92E29EAE35400448219 /* Products */,
			);
			sourceTree = "<group>";
		};
		5D36B92E29EAE35400448219 /* Products */ = {
			isa = PBXGroup;
			children = (
				5D36B92D29EAE35400448219 /* Carcassonne.app */,
				5D4946D429EEBA0100AEA11E /* CarcassonneTests.xctest */,
			);
			name = Products;
			sourceTree = "<group>";
		};
		5D36B92F29EAE35400448219 /* Carcassonne */ = {
			isa = PBXGroup;
			children = (
				5D36B93029EAE35400448219 /* AppDelegate.swift */,
				5D36B93229EAE35400448219 /* SceneDelegate.swift */,
				5D423C532A1764F100C5773E /* Views */,
				5D20304D29F2DF4000F0720B /* Modules */,
				5D423C542A17650D00C5773E /* Controllers */,
				5D17D7622A0E3FCF007B2265 /* Utilities */,
				5D4946CF29EEB96E00AEA11E /* Playground.playground */,
				5D36B93629EAE35400448219 /* Main.storyboard */,
				5D36B93929EAE35800448219 /* Assets.xcassets */,
				5D36B93B29EAE35800448219 /* LaunchScreen.storyboard */,
				5D36B93E29EAE35800448219 /* Info.plist */,
				5D4946D529EEBA0100AEA11E /* CarcassonneTests */,
			);
			path = Carcassonne;
			sourceTree = "<group>";
		};
		5D423C532A1764F100C5773E /* Views */ = {
			isa = PBXGroup;
			children = (
				5D20304E29F2E00300F0720B /* TilePictureView.swift */,
				5D423C552A176A8800C5773E /* PlayerLabelGameView.swift */,
				5D29D1F82A196302009D90D4 /* GameViewRender.swift */,
			);
			path = Views;
			sourceTree = "<group>";
		};
		5D423C542A17650D00C5773E /* Controllers */ = {
			isa = PBXGroup;
			children = (
				5DC2A5782A125BEB007A2715 /* StartMenuViewController.swift */,
				5DC2A57A2A125CA0007A2715 /* StartNewGameViewController.swift */,
				5D36B93429EAE35400448219 /* GameViewController.swift */,
			);
			path = Controllers;
			sourceTree = "<group>";
		};
		5D4946D529EEBA0100AEA11E /* CarcassonneTests */ = {
			isa = PBXGroup;
			children = (
				5D4946D629EEBA0100AEA11E /* CarcassonneTests.swift */,
			);
			path = CarcassonneTests;
			sourceTree = "<group>";
		};
/* End PBXGroup section */

/* Begin PBXNativeTarget section */
		5D36B92C29EAE35400448219 /* Carcassonne */ = {
			isa = PBXNativeTarget;
			buildConfigurationList = 5D36B94129EAE35800448219 /* Build configuration list for PBXNativeTarget "Carcassonne" */;
			buildPhases = (
				5D36B92929EAE35400448219 /* Sources */,
				5D36B92A29EAE35400448219 /* Frameworks */,
				5D36B92B29EAE35400448219 /* Resources */,
			);
			buildRules = (
			);
			dependencies = (
			);
			name = Carcassonne;
			productName = Carcassonne;
			productReference = 5D36B92D29EAE35400448219 /* Carcassonne.app */;
			productType = "com.apple.product-type.application";
		};
		5D4946D329EEBA0100AEA11E /* CarcassonneTests */ = {
			isa = PBXNativeTarget;
			buildConfigurationList = 5D4946DA29EEBA0100AEA11E /* Build configuration list for PBXNativeTarget "CarcassonneTests" */;
			buildPhases = (
				5D4946D029EEBA0100AEA11E /* Sources */,
				5D4946D129EEBA0100AEA11E /* Frameworks */,
				5D4946D229EEBA0100AEA11E /* Resources */,
			);
			buildRules = (
			);
			dependencies = (
				5D4946D929EEBA0100AEA11E /* PBXTargetDependency */,
			);
			name = CarcassonneTests;
			productName = CarcassonneTests;
			productReference = 5D4946D429EEBA0100AEA11E /* CarcassonneTests.xctest */;
			productType = "com.apple.product-type.bundle.unit-test";
		};
/* End PBXNativeTarget section */

/* Begin PBXProject section */
		5D36B92529EAE35400448219 /* Project object */ = {
			isa = PBXProject;
			attributes = {
				BuildIndependentTargetsInParallel = 1;
				LastSwiftUpdateCheck = 1420;
				LastUpgradeCheck = 1420;
				TargetAttributes = {
					5D36B92C29EAE35400448219 = {
						CreatedOnToolsVersion = 14.2;
					};
					5D4946D329EEBA0100AEA11E = {
						CreatedOnToolsVersion = 14.2;
						TestTargetID = 5D36B92C29EAE35400448219;
					};
				};
			};
			buildConfigurationList = 5D36B92829EAE35400448219 /* Build configuration list for PBXProject "Carcassonne" */;
			compatibilityVersion = "Xcode 14.0";
			developmentRegion = en;
			hasScannedForEncodings = 0;
			knownRegions = (
				en,
				Base,
			);
			mainGroup = 5D36B92429EAE35400448219;
			productRefGroup = 5D36B92E29EAE35400448219 /* Products */;
			projectDirPath = "";
			projectRoot = "";
			targets = (
				5D36B92C29EAE35400448219 /* Carcassonne */,
				5D4946D329EEBA0100AEA11E /* CarcassonneTests */,
			);
		};
/* End PBXProject section */

/* Begin PBXResourcesBuildPhase section */
		5D36B92B29EAE35400448219 /* Resources */ = {
			isa = PBXResourcesBuildPhase;
			buildActionMask = 2147483647;
			files = (
				5D36B93D29EAE35800448219 /* LaunchScreen.storyboard in Resources */,
				5D36B93A29EAE35800448219 /* Assets.xcassets in Resources */,
				5D36B93829EAE35400448219 /* Main.storyboard in Resources */,
			);
			runOnlyForDeploymentPostprocessing = 0;
		};
		5D4946D229EEBA0100AEA11E /* Resources */ = {
			isa = PBXResourcesBuildPhase;
			buildActionMask = 2147483647;
			files = (
			);
			runOnlyForDeploymentPostprocessing = 0;
		};
/* End PBXResourcesBuildPhase section */

/* Begin PBXSourcesBuildPhase section */
		5D36B92929EAE35400448219 /* Sources */ = {
			isa = PBXSourcesBuildPhase;
			buildActionMask = 2147483647;
			files = (
				5D36B93529EAE35400448219 /* GameViewController.swift in Sources */,
				5D20304F29F2E00300F0720B /* TilePictureView.swift in Sources */,
				5D36B93129EAE35400448219 /* AppDelegate.swift in Sources */,
				5D9320032A078E260001FAAB /* GameCore.swift in Sources */,
				5DC2A57B2A125CA0007A2715 /* StartNewGameViewController.swift in Sources */,
				5D7A0A692A0107A200C1C609 /* Meeple.swift in Sources */,
				5DC2A5792A125BEB007A2715 /* StartMenuViewController.swift in Sources */,
				5D29D1F92A196302009D90D4 /* GameViewRender.swift in Sources */,
				5D17D7642A0E405C007B2265 /* GameState+ButtonsAvailability.swift in Sources */,
				5DD0B3642A1D0800006BD8F6 /* Coordinates.swift in Sources */,
				5D36B94529EAE3BA00448219 /* Tile.swift in Sources */,
				5D20304929F156BA00F0720B /* TilesToPlay.swift in Sources */,
				5DFD58CC2A332F6600AD9CDC /* RoutesCheck.swift in Sources */,
				5D3C1E852A334D4500CC080C /* ScoreCalculating.swift in Sources */,
				5DC2A5772A12587A007A2715 /* Player.swift in Sources */,
				5D36B93329EAE35400448219 /* SceneDelegate.swift in Sources */,
				5D423C562A176A8800C5773E /* PlayerLabelGameView.swift in Sources */,
			);
			runOnlyForDeploymentPostprocessing = 0;
		};
		5D4946D029EEBA0100AEA11E /* Sources */ = {
			isa = PBXSourcesBuildPhase;
			buildActionMask = 2147483647;
			files = (
				5D4946D729EEBA0100AEA11E /* CarcassonneTests.swift in Sources */,
			);
			runOnlyForDeploymentPostprocessing = 0;
		};
/* End PBXSourcesBuildPhase section */

/* Begin PBXTargetDependency section */
		5D4946D929EEBA0100AEA11E /* PBXTargetDependency */ = {
			isa = PBXTargetDependency;
			target = 5D36B92C29EAE35400448219 /* Carcassonne */;
			targetProxy = 5D4946D829EEBA0100AEA11E /* PBXContainerItemProxy */;
		};
/* End PBXTargetDependency section */

/* Begin PBXVariantGroup section */
		5D36B93629EAE35400448219 /* Main.storyboard */ = {
			isa = PBXVariantGroup;
			children = (
				5D36B93729EAE35400448219 /* Base */,
			);
			name = Main.storyboard;
			sourceTree = "<group>";
		};
		5D36B93B29EAE35800448219 /* LaunchScreen.storyboard */ = {
			isa = PBXVariantGroup;
			children = (
				5D36B93C29EAE35800448219 /* Base */,
			);
			name = LaunchScreen.storyboard;
			sourceTree = "<group>";
		};
/* End PBXVariantGroup section */

/* Begin XCBuildConfiguration section */
		5D36B93F29EAE35800448219 /* Debug */ = {
			isa = XCBuildConfiguration;
			buildSettings = {
				ALWAYS_SEARCH_USER_PATHS = NO;
				CLANG_ANALYZER_NONNULL = YES;
				CLANG_ANALYZER_NUMBER_OBJECT_CONVERSION = YES_AGGRESSIVE;
				CLANG_CXX_LANGUAGE_STANDARD = "gnu++20";
				CLANG_ENABLE_MODULES = YES;
				CLANG_ENABLE_OBJC_ARC = YES;
				CLANG_ENABLE_OBJC_WEAK = YES;
				CLANG_WARN_BLOCK_CAPTURE_AUTORELEASING = YES;
				CLANG_WARN_BOOL_CONVERSION = YES;
				CLANG_WARN_COMMA = YES;
				CLANG_WARN_CONSTANT_CONVERSION = YES;
				CLANG_WARN_DEPRECATED_OBJC_IMPLEMENTATIONS = YES;
				CLANG_WARN_DIRECT_OBJC_ISA_USAGE = YES_ERROR;
				CLANG_WARN_DOCUMENTATION_COMMENTS = YES;
				CLANG_WARN_EMPTY_BODY = YES;
				CLANG_WARN_ENUM_CONVERSION = YES;
				CLANG_WARN_INFINITE_RECURSION = YES;
				CLANG_WARN_INT_CONVERSION = YES;
				CLANG_WARN_NON_LITERAL_NULL_CONVERSION = YES;
				CLANG_WARN_OBJC_IMPLICIT_RETAIN_SELF = YES;
				CLANG_WARN_OBJC_LITERAL_CONVERSION = YES;
				CLANG_WARN_OBJC_ROOT_CLASS = YES_ERROR;
				CLANG_WARN_QUOTED_INCLUDE_IN_FRAMEWORK_HEADER = YES;
				CLANG_WARN_RANGE_LOOP_ANALYSIS = YES;
				CLANG_WARN_STRICT_PROTOTYPES = YES;
				CLANG_WARN_SUSPICIOUS_MOVE = YES;
				CLANG_WARN_UNGUARDED_AVAILABILITY = YES_AGGRESSIVE;
				CLANG_WARN_UNREACHABLE_CODE = YES;
				CLANG_WARN__DUPLICATE_METHOD_MATCH = YES;
				COPY_PHASE_STRIP = NO;
				DEBUG_INFORMATION_FORMAT = dwarf;
				ENABLE_STRICT_OBJC_MSGSEND = YES;
				ENABLE_TESTABILITY = YES;
				GCC_C_LANGUAGE_STANDARD = gnu11;
				GCC_DYNAMIC_NO_PIC = NO;
				GCC_NO_COMMON_BLOCKS = YES;
				GCC_OPTIMIZATION_LEVEL = 0;
				GCC_PREPROCESSOR_DEFINITIONS = (
					"DEBUG=1",
					"$(inherited)",
				);
				GCC_WARN_64_TO_32_BIT_CONVERSION = YES;
				GCC_WARN_ABOUT_RETURN_TYPE = YES_ERROR;
				GCC_WARN_UNDECLARED_SELECTOR = YES;
				GCC_WARN_UNINITIALIZED_AUTOS = YES_AGGRESSIVE;
				GCC_WARN_UNUSED_FUNCTION = YES;
				GCC_WARN_UNUSED_VARIABLE = YES;
				IPHONEOS_DEPLOYMENT_TARGET = 16.2;
				MTL_ENABLE_DEBUG_INFO = INCLUDE_SOURCE;
				MTL_FAST_MATH = YES;
				ONLY_ACTIVE_ARCH = YES;
				SDKROOT = iphoneos;
				SWIFT_ACTIVE_COMPILATION_CONDITIONS = DEBUG;
				SWIFT_OPTIMIZATION_LEVEL = "-Onone";
			};
			name = Debug;
		};
		5D36B94029EAE35800448219 /* Release */ = {
			isa = XCBuildConfiguration;
			buildSettings = {
				ALWAYS_SEARCH_USER_PATHS = NO;
				CLANG_ANALYZER_NONNULL = YES;
				CLANG_ANALYZER_NUMBER_OBJECT_CONVERSION = YES_AGGRESSIVE;
				CLANG_CXX_LANGUAGE_STANDARD = "gnu++20";
				CLANG_ENABLE_MODULES = YES;
				CLANG_ENABLE_OBJC_ARC = YES;
				CLANG_ENABLE_OBJC_WEAK = YES;
				CLANG_WARN_BLOCK_CAPTURE_AUTORELEASING = YES;
				CLANG_WARN_BOOL_CONVERSION = YES;
				CLANG_WARN_COMMA = YES;
				CLANG_WARN_CONSTANT_CONVERSION = YES;
				CLANG_WARN_DEPRECATED_OBJC_IMPLEMENTATIONS = YES;
				CLANG_WARN_DIRECT_OBJC_ISA_USAGE = YES_ERROR;
				CLANG_WARN_DOCUMENTATION_COMMENTS = YES;
				CLANG_WARN_EMPTY_BODY = YES;
				CLANG_WARN_ENUM_CONVERSION = YES;
				CLANG_WARN_INFINITE_RECURSION = YES;
				CLANG_WARN_INT_CONVERSION = YES;
				CLANG_WARN_NON_LITERAL_NULL_CONVERSION = YES;
				CLANG_WARN_OBJC_IMPLICIT_RETAIN_SELF = YES;
				CLANG_WARN_OBJC_LITERAL_CONVERSION = YES;
				CLANG_WARN_OBJC_ROOT_CLASS = YES_ERROR;
				CLANG_WARN_QUOTED_INCLUDE_IN_FRAMEWORK_HEADER = YES;
				CLANG_WARN_RANGE_LOOP_ANALYSIS = YES;
				CLANG_WARN_STRICT_PROTOTYPES = YES;
				CLANG_WARN_SUSPICIOUS_MOVE = YES;
				CLANG_WARN_UNGUARDED_AVAILABILITY = YES_AGGRESSIVE;
				CLANG_WARN_UNREACHABLE_CODE = YES;
				CLANG_WARN__DUPLICATE_METHOD_MATCH = YES;
				COPY_PHASE_STRIP = NO;
				DEBUG_INFORMATION_FORMAT = "dwarf-with-dsym";
				ENABLE_NS_ASSERTIONS = NO;
				ENABLE_STRICT_OBJC_MSGSEND = YES;
				GCC_C_LANGUAGE_STANDARD = gnu11;
				GCC_NO_COMMON_BLOCKS = YES;
				GCC_WARN_64_TO_32_BIT_CONVERSION = YES;
				GCC_WARN_ABOUT_RETURN_TYPE = YES_ERROR;
				GCC_WARN_UNDECLARED_SELECTOR = YES;
				GCC_WARN_UNINITIALIZED_AUTOS = YES_AGGRESSIVE;
				GCC_WARN_UNUSED_FUNCTION = YES;
				GCC_WARN_UNUSED_VARIABLE = YES;
				IPHONEOS_DEPLOYMENT_TARGET = 16.2;
				MTL_ENABLE_DEBUG_INFO = NO;
				MTL_FAST_MATH = YES;
				SDKROOT = iphoneos;
				SWIFT_COMPILATION_MODE = wholemodule;
				SWIFT_OPTIMIZATION_LEVEL = "-O";
				VALIDATE_PRODUCT = YES;
			};
			name = Release;
		};
		5D36B94229EAE35800448219 /* Debug */ = {
			isa = XCBuildConfiguration;
			buildSettings = {
				ASSETCATALOG_COMPILER_APPICON_NAME = AppIcon;
				ASSETCATALOG_COMPILER_GLOBAL_ACCENT_COLOR_NAME = AccentColor;
				CODE_SIGN_STYLE = Automatic;
				CURRENT_PROJECT_VERSION = 1;
				DEVELOPMENT_TEAM = PB4VZWDAG2;
				GENERATE_INFOPLIST_FILE = YES;
				INFOPLIST_FILE = Carcassonne/Info.plist;
				INFOPLIST_KEY_CFBundleDisplayName = "Carcassonne Classic";
				INFOPLIST_KEY_LSApplicationCategoryType = "public.app-category.board-games";
				INFOPLIST_KEY_UIApplicationSupportsIndirectInputEvents = YES;
				INFOPLIST_KEY_UILaunchStoryboardName = LaunchScreen;
				INFOPLIST_KEY_UIMainStoryboardFile = Main;
				INFOPLIST_KEY_UISupportedInterfaceOrientations_iPad = "UIInterfaceOrientationLandscapeLeft UIInterfaceOrientationLandscapeRight";
				IPHONEOS_DEPLOYMENT_TARGET = 16.0;
				LD_RUNPATH_SEARCH_PATHS = (
					"$(inherited)",
					"@executable_path/Frameworks",
				);
				MARKETING_VERSION = 1.0;
				PRODUCT_BUNDLE_IDENTIFIER = MyCompany.Carcassonne;
				PRODUCT_NAME = "$(TARGET_NAME)";
				SWIFT_EMIT_LOC_STRINGS = YES;
				SWIFT_VERSION = 5.0;
				TARGETED_DEVICE_FAMILY = "1,2";
			};
			name = Debug;
		};
		5D36B94329EAE35800448219 /* Release */ = {
			isa = XCBuildConfiguration;
			buildSettings = {
				ASSETCATALOG_COMPILER_APPICON_NAME = AppIcon;
				ASSETCATALOG_COMPILER_GLOBAL_ACCENT_COLOR_NAME = AccentColor;
				CODE_SIGN_STYLE = Automatic;
				CURRENT_PROJECT_VERSION = 1;
				DEVELOPMENT_TEAM = PB4VZWDAG2;
				GENERATE_INFOPLIST_FILE = YES;
				INFOPLIST_FILE = Carcassonne/Info.plist;
				INFOPLIST_KEY_CFBundleDisplayName = "Carcassonne Classic";
				INFOPLIST_KEY_LSApplicationCategoryType = "public.app-category.board-games";
				INFOPLIST_KEY_UIApplicationSupportsIndirectInputEvents = YES;
				INFOPLIST_KEY_UILaunchStoryboardName = LaunchScreen;
				INFOPLIST_KEY_UIMainStoryboardFile = Main;
				INFOPLIST_KEY_UISupportedInterfaceOrientations_iPad = "UIInterfaceOrientationLandscapeLeft UIInterfaceOrientationLandscapeRight";
				IPHONEOS_DEPLOYMENT_TARGET = 16.0;
				LD_RUNPATH_SEARCH_PATHS = (
					"$(inherited)",
					"@executable_path/Frameworks",
				);
				MARKETING_VERSION = 1.0;
				PRODUCT_BUNDLE_IDENTIFIER = MyCompany.Carcassonne;
				PRODUCT_NAME = "$(TARGET_NAME)";
				SWIFT_EMIT_LOC_STRINGS = YES;
				SWIFT_VERSION = 5.0;
				TARGETED_DEVICE_FAMILY = "1,2";
			};
			name = Release;
		};
		5D4946DB29EEBA0100AEA11E /* Debug */ = {
			isa = XCBuildConfiguration;
			buildSettings = {
				BUNDLE_LOADER = "$(TEST_HOST)";
				CODE_SIGN_STYLE = Automatic;
				CURRENT_PROJECT_VERSION = 1;
				GENERATE_INFOPLIST_FILE = YES;
				IPHONEOS_DEPLOYMENT_TARGET = 16.2;
				MACOSX_DEPLOYMENT_TARGET = 12.6;
				MARKETING_VERSION = 1.0;
				PRODUCT_BUNDLE_IDENTIFIER = MyCompany.CarcassonneTests;
				PRODUCT_NAME = "$(TARGET_NAME)";
				SDKROOT = auto;
				SUPPORTED_PLATFORMS = "iphoneos iphonesimulator macosx";
				SWIFT_EMIT_LOC_STRINGS = NO;
				SWIFT_VERSION = 5.0;
				TARGETED_DEVICE_FAMILY = "1,2";
				TEST_HOST = "$(BUILT_PRODUCTS_DIR)/Carcassonne.app/$(BUNDLE_EXECUTABLE_FOLDER_PATH)/Carcassonne";
			};
			name = Debug;
		};
		5D4946DC29EEBA0100AEA11E /* Release */ = {
			isa = XCBuildConfiguration;
			buildSettings = {
				BUNDLE_LOADER = "$(TEST_HOST)";
				CODE_SIGN_STYLE = Automatic;
				CURRENT_PROJECT_VERSION = 1;
				GENERATE_INFOPLIST_FILE = YES;
				IPHONEOS_DEPLOYMENT_TARGET = 16.2;
				MACOSX_DEPLOYMENT_TARGET = 12.6;
				MARKETING_VERSION = 1.0;
				PRODUCT_BUNDLE_IDENTIFIER = MyCompany.CarcassonneTests;
				PRODUCT_NAME = "$(TARGET_NAME)";
				SDKROOT = auto;
				SUPPORTED_PLATFORMS = "iphoneos iphonesimulator macosx";
				SWIFT_EMIT_LOC_STRINGS = NO;
				SWIFT_VERSION = 5.0;
				TARGETED_DEVICE_FAMILY = "1,2";
				TEST_HOST = "$(BUILT_PRODUCTS_DIR)/Carcassonne.app/$(BUNDLE_EXECUTABLE_FOLDER_PATH)/Carcassonne";
			};
			name = Release;
		};
/* End XCBuildConfiguration section */

/* Begin XCConfigurationList section */
		5D36B92829EAE35400448219 /* Build configuration list for PBXProject "Carcassonne" */ = {
			isa = XCConfigurationList;
			buildConfigurations = (
				5D36B93F29EAE35800448219 /* Debug */,
				5D36B94029EAE35800448219 /* Release */,
			);
			defaultConfigurationIsVisible = 0;
			defaultConfigurationName = Release;
		};
		5D36B94129EAE35800448219 /* Build configuration list for PBXNativeTarget "Carcassonne" */ = {
			isa = XCConfigurationList;
			buildConfigurations = (
				5D36B94229EAE35800448219 /* Debug */,
				5D36B94329EAE35800448219 /* Release */,
			);
			defaultConfigurationIsVisible = 0;
			defaultConfigurationName = Release;
		};
		5D4946DA29EEBA0100AEA11E /* Build configuration list for PBXNativeTarget "CarcassonneTests" */ = {
			isa = XCConfigurationList;
			buildConfigurations = (
				5D4946DB29EEBA0100AEA11E /* Debug */,
				5D4946DC29EEBA0100AEA11E /* Release */,
			);
			defaultConfigurationIsVisible = 0;
			defaultConfigurationName = Release;
		};
/* End XCConfigurationList section */
	};
	rootObject = 5D36B92529EAE35400448219 /* Project object */;
}
